{
  "name": "gen-assignment-elijah-miller",
  "version": "1.0.0",
  "lockfileVersion": 1,
  "requires": true,
  "dependencies": {
    "prettier": {
      "version": "1.19.1",
      "resolved": "https://registry.npmjs.org/prettier/-/prettier-1.19.1.tgz",
      "integrity": "sha512-s7PoyDv/II1ObgQunCbB9PdLmUcBZcnWOcxDh7O0N/UwDEsHyqkW+Qh28jW+mVuCdx7gLB0BotYI1Y6uI9iyew==",
      "dev": true
    },
    "simple-icons": {
      "version": "3.12.0",
      "resolved": "https://registry.npmjs.org/simple-icons/-/simple-icons-3.12.0.tgz",
      "integrity": "sha512-BByy4oB0X7ZQNhH1P9rry2mC4JwXpNjp/5nsBLmL8x3OiXQBtR5iz9t/4PVsJwBrVV0B90ReNC+J4e1TlAvC5g=="
    }
  }
}
